
Microsoft Visual Studio Solution File, Format Version 12.00
# Visual Studio Version 16
VisualStudioVersion = 16.0.31515.178
MinimumVisualStudioVersion = 10.0.40219.1
Project("{FAE04EC0-301F-11D3-BF4B-00C04F79EFBC}") = "Slico.Android", "Slico\Slico.Android\Slico.Android.csproj", "{9E9A85E3-5457-4559-ACF3-F0D1CCE8C1D5}"
EndProject
Project("{FAE04EC0-301F-11D3-BF4B-00C04F79EFBC}") = "Slico.iOS", "Slico\Slico.iOS\Slico.iOS.csproj", "{9228C532-F5E5-492E-899D-8DA7C5E2D9C6}"
EndProject
Project("{FAE04EC0-301F-11D3-BF4B-00C04F79EFBC}") = "Slico", "Slico\Slico\Slico.csproj", "{EB22B247-7C09-44F5-BCB7-86BA5E269A41}"
EndProject
Global
	GlobalSection(SolutionConfigurationPlatforms) = preSolution
		Debug|Any CPU = Debug|Any CPU
		Debug|iPhone = Debug|iPhone
		Debug|iPhoneSimulator = Debug|iPhoneSimulator
		Release|Any CPU = Release|Any CPU
		Release|iPhone = Release|iPhone
		Release|iPhoneSimulator = Release|iPhoneSimulator
	EndGlobalSection
	GlobalSection(ProjectConfigurationPlatforms) = postSolution
		{9E9A85E3-5457-4559-ACF3-F0D1CCE8C1D5}.Debug|Any CPU.ActiveCfg = Debug|Any CPU
		{9E9A85E3-5457-4559-ACF3-F0D1CCE8C1D5}.Debug|Any CPU.Build.0 = Debug|Any CPU
		{9E9A85E3-5457-4559-ACF3-F0D1CCE8C1D5}.Debug|Any CPU.Deploy.0 = Debug|Any CPU
		{9E9A85E3-5457-4559-ACF3-F0D1CCE8C1D5}.Debug|iPhone.ActiveCfg = Debug|Any CPU
		{9E9A85E3-5457-4559-ACF3-F0D1CCE8C1D5}.Debug|iPhone.Build.0 = Debug|Any CPU
		{9E9A85E3-5457-4559-ACF3-F0D1CCE8C1D5}.Debug|iPhone.Deploy.0 = Debug|Any CPU
		{9E9A85E3-5457-4559-ACF3-F0D1CCE8C1D5}.Debug|iPhoneSimulator.ActiveCfg = Debug|Any CPU
		{9E9A85E3-5457-4559-ACF3-F0D1CCE8C1D5}.Debug|iPhoneSimulator.Build.0 = Debug|Any CPU
		{9E9A85E3-5457-4559-ACF3-F0D1CCE8C1D5}.Debug|iPhoneSimulator.Deploy.0 = Debug|Any CPU
		{9E9A85E3-5457-4559-ACF3-F0D1CCE8C1D5}.Release|Any CPU.ActiveCfg = Release|Any CPU
		{9E9A85E3-5457-4559-ACF3-F0D1CCE8C1D5}.Release|Any CPU.Build.0 = Release|Any CPU
		{9E9A85E3-5457-4559-ACF3-F0D1CCE8C1D5}.Release|Any CPU.Deploy.0 = Release|Any CPU
		{9E9A85E3-5457-4559-ACF3-F0D1CCE8C1D5}.Release|iPhone.ActiveCfg = Release|Any CPU
		{9E9A85E3-5457-4559-ACF3-F0D1CCE8C1D5}.Release|iPhone.Build.0 = Release|Any CPU
		{9E9A85E3-5457-4559-ACF3-F0D1CCE8C1D5}.Release|iPhone.Deploy.0 = Release|Any CPU
		{9E9A85E3-5457-4559-ACF3-F0D1CCE8C1D5}.Release|iPhoneSimulator.ActiveCfg = Release|Any CPU
		{9E9A85E3-5457-4559-ACF3-F0D1CCE8C1D5}.Release|iPhoneSimulator.Build.0 = Release|Any CPU
		{9E9A85E3-5457-4559-ACF3-F0D1CCE8C1D5}.Release|iPhoneSimulator.Deploy.0 = Release|Any CPU
		{9228C532-F5E5-492E-899D-8DA7C5E2D9C6}.Debug|Any CPU.ActiveCfg = Debug|iPhone
		{9228C532-F5E5-492E-899D-8DA7C5E2D9C6}.Debug|Any CPU.Build.0 = Debug|iPhone
		{9228C532-F5E5-492E-899D-8DA7C5E2D9C6}.Debug|Any CPU.Deploy.0 = Debug|iPhone
		{9228C532-F5E5-492E-899D-8DA7C5E2D9C6}.Debug|iPhone.ActiveCfg = Debug|iPhone
		{9228C532-F5E5-492E-899D-8DA7C5E2D9C6}.Debug|iPhone.Build.0 = Debug|iPhone
		{9228C532-F5E5-492E-899D-8DA7C5E2D9C6}.Debug|iPhone.Deploy.0 = Debug|iPhone
		{9228C532-F5E5-492E-899D-8DA7C5E2D9C6}.Debug|iPhoneSimulator.ActiveCfg = Debug|iPhoneSimulator
		{9228C532-F5E5-492E-899D-8DA7C5E2D9C6}.Debug|iPhoneSimulator.Build.0 = Debug|iPhoneSimulator
		{9228C532-F5E5-492E-899D-8DA7C5E2D9C6}.Debug|iPhoneSimulator.Deploy.0 = Debug|iPhoneSimulator
		{9228C532-F5E5-492E-899D-8DA7C5E2D9C6}.Release|Any CPU.ActiveCfg = Release|iPhoneSimulator
		{9228C532-F5E5-492E-899D-8DA7C5E2D9C6}.Release|Any CPU.Build.0 = Release|iPhoneSimulator
		{9228C532-F5E5-492E-899D-8DA7C5E2D9C6}.Release|Any CPU.Deploy.0 = Release|iPhoneSimulator
		{9228C532-F5E5-492E-899D-8DA7C5E2D9C6}.Release|iPhone.ActiveCfg = Release|iPhone
		{9228C532-F5E5-492E-899D-8DA7C5E2D9C6}.Release|iPhone.Build.0 = Release|iPhone
		{9228C532-F5E5-492E-899D-8DA7C5E2D9C6}.Release|iPhone.Deploy.0 = Release|iPhone
		{9228C532-F5E5-492E-899D-8DA7C5E2D9C6}.Release|iPhoneSimulator.ActiveCfg = Release|iPhoneSimulator
		{9228C532-F5E5-492E-899D-8DA7C5E2D9C6}.Release|iPhoneSimulator.Build.0 = Release|iPhoneSimulator
		{9228C532-F5E5-492E-899D-8DA7C5E2D9C6}.Release|iPhoneSimulator.Deploy.0 = Release|iPhoneSimulator
		{EB22B247-7C09-44F5-BCB7-86BA5E269A41}.Debug|Any CPU.ActiveCfg = Debug|Any CPU
		{EB22B247-7C09-44F5-BCB7-86BA5E269A41}.Debug|Any CPU.Build.0 = Debug|Any CPU
		{EB22B247-7C09-44F5-BCB7-86BA5E269A41}.Debug|Any CPU.Deploy.0 = Debug|Any CPU
		{EB22B247-7C09-44F5-BCB7-86BA5E269A41}.Debug|iPhone.ActiveCfg = Debug|Any CPU
		{EB22B247-7C09-44F5-BCB7-86BA5E269A41}.Debug|iPhone.Build.0 = Debug|Any CPU
		{EB22B247-7C09-44F5-BCB7-86BA5E269A41}.Debug|iPhone.Deploy.0 = Debug|Any CPU
		{EB22B247-7C09-44F5-BCB7-86BA5E269A41}.Debug|iPhoneSimulator.ActiveCfg = Debug|Any CPU
		{EB22B247-7C09-44F5-BCB7-86BA5E269A41}.Debug|iPhoneSimulator.Build.0 = Debug|Any CPU
		{EB22B247-7C09-44F5-BCB7-86BA5E269A41}.Debug|iPhoneSimulator.Deploy.0 = Debug|Any CPU
		{EB22B247-7C09-44F5-BCB7-86BA5E269A41}.Release|Any CPU.ActiveCfg = Release|Any CPU
		{EB22B247-7C09-44F5-BCB7-86BA5E269A41}.Release|Any CPU.Build.0 = Release|Any CPU
		{EB22B247-7C09-44F5-BCB7-86BA5E269A41}.Release|Any CPU.Deploy.0 = Release|Any CPU
		{EB22B247-7C09-44F5-BCB7-86BA5E269A41}.Release|iPhone.ActiveCfg = Release|Any CPU
		{EB22B247-7C09-44F5-BCB7-86BA5E269A41}.Release|iPhone.Build.0 = Release|Any CPU
		{EB22B247-7C09-44F5-BCB7-86BA5E269A41}.Release|iPhone.Deploy.0 = Release|Any CPU
		{EB22B247-7C09-44F5-BCB7-86BA5E269A41}.Release|iPhoneSimulator.ActiveCfg = Release|Any CPU
		{EB22B247-7C09-44F5-BCB7-86BA5E269A41}.Release|iPhoneSimulator.Build.0 = Release|Any CPU
		{EB22B247-7C09-44F5-BCB7-86BA5E269A41}.Release|iPhoneSimulator.Deploy.0 = Release|Any CPU
	EndGlobalSection
	GlobalSection(SolutionProperties) = preSolution
		HideSolutionNode = FALSE
	EndGlobalSection
	GlobalSection(ExtensibilityGlobals) = postSolution
		SolutionGuid = {13FC4FD1-7B10-4034-9756-B811BAD8A226}
	EndGlobalSection
EndGlobal
